
Microsoft Visual Studio Solution File, Format Version 12.00
# Visual Studio Version 16
VisualStudioVersion = 16.0.30804.86
MinimumVisualStudioVersion = 10.0.40219.1
Project("{FAE04EC0-301F-11D3-BF4B-00C04F79EFBC}") = "HS1_ListExtractor", "HS1_ListExtractor\HS1_ListExtractor.csproj", "{F1A94FB9-9E42-4D18-90B7-E5856C8CC159}"
EndProject
Global
	GlobalSection(SolutionConfigurationPlatforms) = preSolution
		Debug|Any CPU = Debug|Any CPU
		Release|Any CPU = Release|Any CPU
	EndGlobalSection
	GlobalSection(ProjectConfigurationPlatforms) = postSolution
		{F1A94FB9-9E42-4D18-90B7-E5856C8CC159}.Debug|Any CPU.ActiveCfg = Debug|Any CPU
		{F1A94FB9-9E42-4D18-90B7-E5856C8CC159}.Debug|Any CPU.Build.0 = Debug|Any CPU
		{F1A94FB9-9E42-4D18-90B7-E5856C8CC159}.Release|Any CPU.ActiveCfg = Release|Any CPU
		{F1A94FB9-9E42-4D18-90B7-E5856C8CC159}.Release|Any CPU.Build.0 = Release|Any CPU
	EndGlobalSection
	GlobalSection(SolutionProperties) = preSolution
		HideSolutionNode = FALSE
	EndGlobalSection
	GlobalSection(ExtensibilityGlobals) = postSolution
		SolutionGuid = {F7964D92-FB64-4D80-A537-0F883AAEC6D5}
	EndGlobalSection
EndGlobal
